#MicroXplorer Configuration settings - do not modify
CORTEX_M7.CPU_DCache=Enabled
CORTEX_M7.CPU_ICache=Enabled
CORTEX_M7.IPParameters=CPU_ICache,CPU_DCache
File.Version=6
GPIO.groupedBy=Group By Peripherals
KeepUserPlacement=false
Mcu.Family=STM32F7
Mcu.IP0=CORTEX_M7
Mcu.IP1=CRC
Mcu.IP2=NVIC
Mcu.IP3=RCC
Mcu.IP4=SYS
Mcu.IP5=USART3
Mcu.IPNb=6
Mcu.Name=STM32F767ZITx
Mcu.Package=LQFP144
Mcu.Pin0=PC13
Mcu.Pin1=PC14/OSC32_IN
Mcu.Pin10=PC5
Mcu.Pin11=PB0
Mcu.Pin12=PE12
Mcu.Pin13=PE14
Mcu.Pin14=PE15
Mcu.Pin15=PB10
Mcu.Pin16=PB11
Mcu.Pin17=PB13
Mcu.Pin18=PB14
Mcu.Pin19=PD8
Mcu.Pin2=PC15/OSC32_OUT
Mcu.Pin20=PD9
Mcu.Pin21=PG6
Mcu.Pin22=PG7
Mcu.Pin23=PA8
Mcu.Pin24=PA9
Mcu.Pin25=PA10
Mcu.Pin26=PA11
Mcu.Pin27=PA12
Mcu.Pin28=PA13
Mcu.Pin29=PA14
Mcu.Pin3=PH0/OSC_IN
Mcu.Pin30=PG11
Mcu.Pin31=PG13
Mcu.Pin32=PB3
Mcu.Pin33=PB7
Mcu.Pin34=VP_CRC_VS_CRC
Mcu.Pin35=VP_SYS_VS_Systick
Mcu.Pin36=VP_STMicroelectronics.X-CUBE-AI_VS_ArtificialOoIntelligenceJjXAaCUBEAaAI_5.0.0
Mcu.Pin37=VP_STMicroelectronics.X-CUBE-AI_VS_ArtificialOoIntelligenceJjApplication_5.0.0
Mcu.Pin4=PH1/OSC_OUT
Mcu.Pin5=PC1
Mcu.Pin6=PA1
Mcu.Pin7=PA2
Mcu.Pin8=PA7
Mcu.Pin9=PC4
Mcu.PinsNb=38
Mcu.ThirdParty0=STMicroelectronics.X-CUBE-AI.5.0.0
Mcu.ThirdPartyNb=1
Mcu.UserConstants=
Mcu.UserName=STM32F767ZITx
MxCube.Version=5.5.0
MxDb.Version=DB.5.0.50
NVIC.BusFault_IRQn=true\:3\:0\:true\:false\:true\:true\:false
NVIC.DebugMonitor_IRQn=true\:3\:0\:true\:false\:true\:true\:false
NVIC.ForceEnableDMAVector=true
NVIC.HardFault_IRQn=true\:0\:0\:false\:false\:true\:true\:false
NVIC.MemoryManagement_IRQn=true\:3\:0\:true\:false\:true\:true\:false
NVIC.NonMaskableInt_IRQn=true\:0\:0\:false\:false\:true\:true\:false
NVIC.PendSV_IRQn=true\:0\:0\:true\:false\:true\:true\:false
NVIC.PriorityGroup=NVIC_PRIORITYGROUP_4
NVIC.SVCall_IRQn=true\:3\:0\:true\:false\:true\:true\:false
NVIC.SysTick_IRQn=true\:0\:0\:false\:false\:true\:true\:true
NVIC.UsageFault_IRQn=true\:3\:0\:true\:false\:true\:true\:false
PA1.GPIOParameters=GPIO_Label
PA1.GPIO_Label=RMII_REF_CLK [LAN8742A-CZ-TR_REFCLK0]
PA1.Locked=true
PA1.Signal=ETH_REF_CLK
PA10.GPIOParameters=GPIO_Label
PA10.GPIO_Label=USB_ID
PA10.Locked=true
PA10.Signal=USB_OTG_FS_ID
PA11.GPIOParameters=GPIO_Label
PA11.GPIO_Label=USB_DM
PA11.Locked=true
PA11.Signal=USB_OTG_FS_DM
PA12.GPIOParameters=GPIO_Label
PA12.GPIO_Label=USB_DP
PA12.Locked=true
PA12.Signal=USB_OTG_FS_DP
PA13.GPIOParameters=GPIO_Label
PA13.GPIO_Label=TMS
PA13.Locked=true
PA13.Mode=Serial_Wire
PA13.Signal=SYS_JTMS-SWDIO
PA14.GPIOParameters=GPIO_Label
PA14.GPIO_Label=TCK
PA14.Locked=true
PA14.Mode=Serial_Wire
PA14.Signal=SYS_JTCK-SWCLK
PA2.GPIOParameters=GPIO_Label
PA2.GPIO_Label=RMII_MDIO [LAN8742A-CZ-TR_MDIO]
PA2.Locked=true
PA2.Signal=ETH_MDIO
PA7.GPIOParameters=GPIO_Label
PA7.GPIO_Label=RMII_CRS_DV [LAN8742A-CZ-TR_CRS_DV]
PA7.Locked=true
PA7.Signal=ETH_CRS_DV
PA8.GPIOParameters=GPIO_Label
PA8.GPIO_Label=USB_SOF [TP1]
PA8.Locked=true
PA8.Signal=USB_OTG_FS_SOF
PA9.GPIOParameters=GPIO_Label
PA9.GPIO_Label=USB_VBUS
PA9.Locked=true
PA9.Signal=USB_OTG_FS_VBUS
PB0.GPIOParameters=GPIO_Label
PB0.GPIO_Label=LD1 [Green]
PB0.Locked=true
PB0.Signal=GPIO_Output
PB10.GPIOParameters=GPIO_Label
PB10.GPIO_Label=DEBUG_1
PB10.Locked=true
PB10.Signal=GPIO_Output
PB11.GPIOParameters=GPIO_Label
PB11.GPIO_Label=DEBUG_0
PB11.Locked=true
PB11.Signal=GPIO_Output
PB13.GPIOParameters=GPIO_Label
PB13.GPIO_Label=RMII_TXD1 [LAN8742A-CZ-TR_TXD1]
PB13.Locked=true
PB13.Signal=ETH_TXD1
PB14.GPIOParameters=GPIO_Label
PB14.GPIO_Label=LD3 [Red]
PB14.Locked=true
PB14.Signal=GPIO_Output
PB3.GPIOParameters=GPIO_Label
PB3.GPIO_Label=SWO
PB3.Locked=true
PB3.Signal=SYS_JTDO-SWO
PB7.GPIOParameters=GPIO_Label
PB7.GPIO_Label=LD2 [Blue]
PB7.Locked=true
PB7.Signal=GPIO_Output
PC1.GPIOParameters=GPIO_Label
PC1.GPIO_Label=RMII_MDC [LAN8742A-CZ-TR_MDC]
PC1.Locked=true
PC1.Signal=ETH_MDC
PC13.GPIOParameters=GPIO_Label
PC13.GPIO_Label=USER_Btn [B1]
PC13.Locked=true
PC13.Signal=GPXTI13
PC14/OSC32_IN.Locked=true
PC14/OSC32_IN.Mode=LSE-External-Oscillator
PC14/OSC32_IN.Signal=RCC_OSC32_IN
PC15/OSC32_OUT.Locked=true
PC15/OSC32_OUT.Mode=LSE-External-Oscillator
PC15/OSC32_OUT.Signal=RCC_OSC32_OUT
PC4.GPIOParameters=GPIO_Label
PC4.GPIO_Label=RMII_RXD0 [LAN8742A-CZ-TR_RXD0]
PC4.Locked=true
PC4.Signal=ETH_RXD0
PC5.GPIOParameters=GPIO_Label
PC5.GPIO_Label=RMII_RXD1 [LAN8742A-CZ-TR_RXD1]
PC5.Locked=true
PC5.Signal=ETH_RXD1
PCC.Checker=false
PCC.Line=STM32F7x7
PCC.MCU=STM32F767ZITx
PCC.PartNumber=STM32F767ZITx
PCC.Seq0=0
PCC.Series=STM32F7
PCC.Temperature=25
PCC.Vdd=3.6
PD8.GPIOParameters=GPIO_Label
PD8.GPIO_Label=STLK_RX [STM32F103CBT6_PA3]
PD8.Locked=true
PD8.Mode=Asynchronous
PD8.Signal=USART3_TX
PD9.GPIOParameters=GPIO_Label
PD9.GPIO_Label=STLK_TX [STM32F103CBT6_PA2]
PD9.Locked=true
PD9.Mode=Asynchronous
PD9.Signal=USART3_RX
PE12.GPIOParameters=GPIO_Label
PE12.GPIO_Label=DEBUG_4
PE12.Locked=true
PE12.Signal=GPIO_Output
PE14.GPIOParameters=GPIO_Label
PE14.GPIO_Label=DEBUG_3
PE14.Locked=true
PE14.Signal=GPIO_Output
PE15.GPIOParameters=GPIO_Label
PE15.GPIO_Label=DEBUG_2
PE15.Locked=true
PE15.Signal=GPIO_Output
PG11.GPIOParameters=GPIO_Label
PG11.GPIO_Label=RMII_TX_EN [LAN8742A-CZ-TR_TXEN]
PG11.Locked=true
PG11.Signal=ETH_TX_EN
PG13.GPIOParameters=GPIO_Label
PG13.GPIO_Label=RMII_TXD0 [LAN8742A-CZ-TR_TXD0]
PG13.Locked=true
PG13.Signal=ETH_TXD0
PG6.GPIOParameters=GPIO_Label
PG6.GPIO_Label=USB_PowerSwitchOn [STMPS2151STR_EN]
PG6.Locked=true
PG6.Signal=GPIO_Output
PG7.GPIOParameters=GPIO_Label
PG7.GPIO_Label=USB_OverCurrent [STMPS2151STR_FAULT]
PG7.Locked=true
PG7.Signal=GPIO_Input
PH0/OSC_IN.GPIOParameters=GPIO_Label
PH0/OSC_IN.GPIO_Label=MCO [STM32F103CBT6_PA8]
PH0/OSC_IN.Locked=true
PH0/OSC_IN.Mode=HSE-External-Clock-Source
PH0/OSC_IN.Signal=RCC_OSC_IN
PH1/OSC_OUT.Locked=true
PH1/OSC_OUT.Mode=HSE-External-Clock-Source
PH1/OSC_OUT.Signal=RCC_OSC_OUT
PinOutPanel.RotationAngle=0
ProjectManager.AskForMigrate=true
ProjectManager.BackupPrevious=false
ProjectManager.CompilerOptimize=6
ProjectManager.ComputerToolchain=false
ProjectManager.CoupleFile=false
ProjectManager.CustomerFirmwarePackage=
ProjectManager.DefaultFWLocation=true
ProjectManager.DeletePrevious=true
ProjectManager.DeviceId=STM32F767ZITx
ProjectManager.FirmwarePackage=STM32Cube FW_F7 V1.15.0
ProjectManager.FreePins=false
ProjectManager.HalAssertFull=false
ProjectManager.HeapSize=0x800
ProjectManager.KeepUserCode=true
ProjectManager.LastFirmware=true
ProjectManager.LibraryCopy=1
ProjectManager.MainLocation=Src
ProjectManager.NoMain=false
ProjectManager.PreviousToolchain=SW4STM32
ProjectManager.ProjectBuild=false
ProjectManager.ProjectFileName=embedded_firmware.ioc
ProjectManager.ProjectName=embedded_firmware
ProjectManager.StackSize=0x800
ProjectManager.TargetToolchain=SW4STM32
ProjectManager.ToolChainLocation=
ProjectManager.UnderRoot=true
ProjectManager.functionlistsort=1-MX_GPIO_Init-GPIO-false-HAL-true,2-SystemClock_Config-RCC-false-HAL-false,3-MX_CORTEX_M7_Init-CORTEX_M7-false-HAL-true,4-MX_USART3_UART_Init-USART3-true-HAL-false,5-MX_CRC_Init-CRC-false-HAL-true,6-MX_X_CUBE_AI_Init-STMicroelectronics.X-CUBE-AI.5.0.0-false-HAL-false,7-MX_X_CUBE_AI_Process-STMicroelectronics.X-CUBE-AI.5.0.0-false-HAL-false
RCC.48MHZClocksFreq_Value=24000000
RCC.ADC12outputFreq_Value=72000000
RCC.ADC34outputFreq_Value=72000000
RCC.AHBFreq_Value=216000000
RCC.APB1CLKDivider=RCC_HCLK_DIV4
RCC.APB1Freq_Value=54000000
RCC.APB1TimFreq_Value=108000000
RCC.APB2CLKDivider=RCC_HCLK_DIV2
RCC.APB2Freq_Value=108000000
RCC.APB2TimFreq_Value=216000000
RCC.CECFreq_Value=32786.88524590164
RCC.CortexFreq_Value=216000000
RCC.DFSDMAudioFreq_Value=192000000
RCC.DFSDMFreq_Value=108000000
RCC.EthernetFreq_Value=216000000
RCC.FCLKCortexFreq_Value=216000000
RCC.FamilyName=M
RCC.HCLKFreq_Value=216000000
RCC.HSE_VALUE=8000000
RCC.HSI_VALUE=16000000
RCC.I2C1Freq_Value=54000000
RCC.I2C2Freq_Value=54000000
RCC.I2C3Freq_Value=54000000
RCC.I2C4Freq_Value=54000000
RCC.I2SClocksFreq_Value=48000000
RCC.I2SFreq_Value=192000000
RCC.IPParameters=48MHZClocksFreq_Value,ADC12outputFreq_Value,ADC34outputFreq_Value,AHBFreq_Value,APB1CLKDivider,APB1Freq_Value,APB1TimFreq_Value,APB2CLKDivider,APB2Freq_Value,APB2TimFreq_Value,CECFreq_Value,CortexFreq_Value,DFSDMAudioFreq_Value,DFSDMFreq_Value,EthernetFreq_Value,FCLKCortexFreq_Value,FamilyName,HCLKFreq_Value,HSE_VALUE,HSI_VALUE,I2C1Freq_Value,I2C2Freq_Value,I2C3Freq_Value,I2C4Freq_Value,I2SClocksFreq_Value,I2SFreq_Value,LCDTFTFreq_Value,LCDTFToutputFreq_Value,LPTIM1Freq_Value,LSI_VALUE,MCO1PinFreq_Value,MCO2PinFreq_Value,MCOFreq_Value,PLLCLKFreq_Value,PLLI2SPCLKFreq_Value,PLLI2SQCLKFreq_Value,PLLI2SRCLKFreq_Value,PLLI2SRoutputFreq_Value,PLLM,PLLMCOFreq_Value,PLLMUL,PLLN,PLLQ,PLLQCLKFreq_Value,PLLQoutputFreq_Value,PLLRFreq_Value,PLLSAIPCLKFreq_Value,PLLSAIQCLKFreq_Value,PLLSAIRCLKFreq_Value,PLLSAIoutputFreq_Value,PLLSourceVirtual,PRESCALERUSB,RNGFreq_Value,RTCFreq_Value,RTCHSEDivFreq_Value,SAI1Freq_Value,SAI2Freq_Value,SDMMC2Freq_Value,SDMMCFreq_Value,SPDIFRXFreq_Value,SYSCLKFreq_VALUE,SYSCLKSource,SYSCLKSourceVirtual,TIM15Freq_Value,TIM16Freq_Value,TIM17Freq_Value,TIM1Freq_Value,TIM20Freq_Value,TIM2Freq_Value,TIM3Freq_Value,TIM8Freq_Value,UART4Freq_Value,UART5Freq_Value,UART7Freq_Value,UART8Freq_Value,USART1Freq_Value,USART2Freq_Value,USART3Freq_Value,USART6Freq_Value,USBFreq_Value,VCOI2SOutputFreq_Value,VCOInputFreq_Value,VCOOutput2Freq_Value,VCOOutputFreq_Value,VCOSAIOutputFreq_Value,VcooutputI2S,WatchDogFreq_Value
RCC.LCDTFTFreq_Value=96000000
RCC.LCDTFToutputFreq_Value=96000000
RCC.LPTIM1Freq_Value=54000000
RCC.LSI_VALUE=32000
RCC.MCO1PinFreq_Value=16000000
RCC.MCO2PinFreq_Value=216000000
RCC.MCOFreq_Value=72000000
RCC.PLLCLKFreq_Value=216000000
RCC.PLLI2SPCLKFreq_Value=192000000
RCC.PLLI2SQCLKFreq_Value=192000000
RCC.PLLI2SRCLKFreq_Value=192000000
RCC.PLLI2SRoutputFreq_Value=192000000
RCC.PLLM=4
RCC.PLLMCOFreq_Value=72000000
RCC.PLLMUL=RCC_PLL_MUL9
RCC.PLLN=216
RCC.PLLQ=9
RCC.PLLQCLKFreq_Value=48000000
RCC.PLLQoutputFreq_Value=48000000
RCC.PLLRFreq_Value=216000000
RCC.PLLSAIPCLKFreq_Value=192000000
RCC.PLLSAIQCLKFreq_Value=192000000
RCC.PLLSAIRCLKFreq_Value=192000000
RCC.PLLSAIoutputFreq_Value=192000000
RCC.PLLSourceVirtual=RCC_PLLSOURCE_HSE
RCC.PRESCALERUSB=RCC_USBCLKSOURCE_PLL_DIV1_5
RCC.RNGFreq_Value=48000000
RCC.RTCFreq_Value=32000
RCC.RTCHSEDivFreq_Value=4000000
RCC.SAI1Freq_Value=192000000
RCC.SAI2Freq_Value=192000000
RCC.SDMMC2Freq_Value=216000000
RCC.SDMMCFreq_Value=216000000
RCC.SPDIFRXFreq_Value=192000000
RCC.SYSCLKFreq_VALUE=216000000
RCC.SYSCLKSource=RCC_SYSCLKSOURCE_PLLCLK
RCC.SYSCLKSourceVirtual=RCC_SYSCLKSOURCE_PLLCLK
RCC.TIM15Freq_Value=72000000
RCC.TIM16Freq_Value=72000000
RCC.TIM17Freq_Value=72000000
RCC.TIM1Freq_Value=72000000
RCC.TIM20Freq_Value=72000000
RCC.TIM2Freq_Value=72000000
RCC.TIM3Freq_Value=72000000
RCC.TIM8Freq_Value=72000000
RCC.UART4Freq_Value=54000000
RCC.UART5Freq_Value=54000000
RCC.UART7Freq_Value=54000000
RCC.UART8Freq_Value=54000000
RCC.USART1Freq_Value=108000000
RCC.USART2Freq_Value=54000000
RCC.USART3Freq_Value=54000000
RCC.USART6Freq_Value=108000000
RCC.USBFreq_Value=48000000
RCC.VCOI2SOutputFreq_Value=384000000
RCC.VCOInputFreq_Value=2000000
RCC.VCOOutput2Freq_Value=8000000
RCC.VCOOutputFreq_Value=432000000
RCC.VCOSAIOutputFreq_Value=384000000
RCC.VcooutputI2S=48000000
RCC.WatchDogFreq_Value=32000
SH.GPXTI13.0=GPIO_EXTI13
SH.GPXTI13.ConfNb=1
STMicroelectronics.X-CUBE-AI.5.0.0.ActivationBufferSizeList=512,512,512,512
STMicroelectronics.X-CUBE-AI.5.0.0.ApplicationCcArtificialOoIntelligenceJjApplication=ApplicationTemplate
STMicroelectronics.X-CUBE-AI.5.0.0.ArtificialOoIntelligenceJjApplication_Checked=true
STMicroelectronics.X-CUBE-AI.5.0.0.ArtificialOoIntelligenceJjXAaCUBEAaAI_Checked=true
STMicroelectronics.X-CUBE-AI.5.0.0.BSP.number=1
STMicroelectronics.X-CUBE-AI.5.0.0.HeapSize=0x800
STMicroelectronics.X-CUBE-AI.5.0.0.IPParameters=XAaCUBEAaAICcArtificialOoIntelligenceJjCore,ApplicationCcArtificialOoIntelligenceJjApplication,ModelHashList,ModelNameList,WorkingBufferStartAddrList,ModelName-3af5c42c2206a57b421a3b5072419ecfab8425cb081f1568631f96a76b57f12d,ModelActualCompression-3af5c42c2206a57b421a3b5072419ecfab8425cb081f1568631f96a76b57f12d,ModelRamOccupation-3af5c42c2206a57b421a3b5072419ecfab8425cb081f1568631f96a76b57f12d,ModelFlashOccupation-3af5c42c2206a57b421a3b5072419ecfab8425cb081f1568631f96a76b57f12d,ModelMacc-3af5c42c2206a57b421a3b5072419ecfab8425cb081f1568631f96a76b57f12d,ModelStructureFile-3af5c42c2206a57b421a3b5072419ecfab8425cb081f1568631f96a76b57f12d,ModelName-04cc21513a4c00497d36f683dc1ac56653cf48913a6e0991dfedf47d1d25481f,ModelActualCompression-04cc21513a4c00497d36f683dc1ac56653cf48913a6e0991dfedf47d1d25481f,ModelRamOccupation-04cc21513a4c00497d36f683dc1ac56653cf48913a6e0991dfedf47d1d25481f,ModelFlashOccupation-04cc21513a4c00497d36f683dc1ac56653cf48913a6e0991dfedf47d1d25481f,ModelMacc-04cc21513a4c00497d36f683dc1ac56653cf48913a6e0991dfedf47d1d25481f,ModelStructureFile-04cc21513a4c00497d36f683dc1ac56653cf48913a6e0991dfedf47d1d25481f,ModelName-3443cbf4418b63934b46dcde250dd3eae938f5492b6dcc18a218c1b4dd756886,ModelActualCompression-3443cbf4418b63934b46dcde250dd3eae938f5492b6dcc18a218c1b4dd756886,ModelRamOccupation-3443cbf4418b63934b46dcde250dd3eae938f5492b6dcc18a218c1b4dd756886,ModelFlashOccupation-3443cbf4418b63934b46dcde250dd3eae938f5492b6dcc18a218c1b4dd756886,ModelMacc-3443cbf4418b63934b46dcde250dd3eae938f5492b6dcc18a218c1b4dd756886,ModelStructureFile-3443cbf4418b63934b46dcde250dd3eae938f5492b6dcc18a218c1b4dd756886,ModelName-261939b161dc44065420a540fc0259d41888dd78aaf868c311cdcd05cd2aaf2b,ModelActualCompression-261939b161dc44065420a540fc0259d41888dd78aaf868c311cdcd05cd2aaf2b,ModelRamOccupation-261939b161dc44065420a540fc0259d41888dd78aaf868c311cdcd05cd2aaf2b,ModelFlashOccupation-261939b161dc44065420a540fc0259d41888dd78aaf868c311cdcd05cd2aaf2b,ModelMacc-261939b161dc44065420a540fc0259d41888dd78aaf868c311cdcd05cd2aaf2b,ModelStructureFile-261939b161dc44065420a540fc0259d41888dd78aaf868c311cdcd05cd2aaf2b,HeapSize,StackSize,NNModelInformation_AchievedCompression-3af5c42c2206a57b421a3b5072419ecfab8425cb081f1568631f96a76b57f12d,NNModelInformation_CompressionFactor-3af5c42c2206a57b421a3b5072419ecfab8425cb081f1568631f96a76b57f12d,NNModelInformation_EvaluationStatus-3af5c42c2206a57b421a3b5072419ecfab8425cb081f1568631f96a76b57f12d,NNModelInformation_HeapSizeNeeded-3af5c42c2206a57b421a3b5072419ecfab8425cb081f1568631f96a76b57f12d,NNModelInformation_ModelInSizeByName-3af5c42c2206a57b421a3b5072419ecfab8425cb081f1568631f96a76b57f12d,NNModelInformation_ModelMacc-3af5c42c2206a57b421a3b5072419ecfab8425cb081f1568631f96a76b57f12d,NNModelInformation_ModelName-3af5c42c2206a57b421a3b5072419ecfab8425cb081f1568631f96a76b57f12d,NNModelInformation_ModelOutSizeByName-3af5c42c2206a57b421a3b5072419ecfab8425cb081f1568631f96a76b57f12d,NNModelInformation_ModelRam-3af5c42c2206a57b421a3b5072419ecfab8425cb081f1568631f96a76b57f12d,NNModelInformation_ModelRom-3af5c42c2206a57b421a3b5072419ecfab8425cb081f1568631f96a76b57f12d,NNModelInformation_ModelSize-3af5c42c2206a57b421a3b5072419ecfab8425cb081f1568631f96a76b57f12d,NNModelInformation_NbOfParameters-3af5c42c2206a57b421a3b5072419ecfab8425cb081f1568631f96a76b57f12d,NNModelInformation_AchievedCompression-04cc21513a4c00497d36f683dc1ac56653cf48913a6e0991dfedf47d1d25481f,NNModelInformation_CompressionFactor-04cc21513a4c00497d36f683dc1ac56653cf48913a6e0991dfedf47d1d25481f,NNModelInformation_EvaluationStatus-04cc21513a4c00497d36f683dc1ac56653cf48913a6e0991dfedf47d1d25481f,NNModelInformation_HeapSizeNeeded-04cc21513a4c00497d36f683dc1ac56653cf48913a6e0991dfedf47d1d25481f,NNModelInformation_ModelInSizeByName-04cc21513a4c00497d36f683dc1ac56653cf48913a6e0991dfedf47d1d25481f,NNModelInformation_ModelMacc-04cc21513a4c00497d36f683dc1ac56653cf48913a6e0991dfedf47d1d25481f,NNModelInformation_ModelName-04cc21513a4c00497d36f683dc1ac56653cf48913a6e0991dfedf47d1d25481f,NNModelInformation_ModelOutSizeByName-04cc21513a4c00497d36f683dc1ac56653cf48913a6e0991dfedf47d1d25481f,NNModelInformation_ModelRam-04cc21513a4c00497d36f683dc1ac56653cf48913a6e0991dfedf47d1d25481f,NNModelInformation_ModelRom-04cc21513a4c00497d36f683dc1ac56653cf48913a6e0991dfedf47d1d25481f,NNModelInformation_ModelSize-04cc21513a4c00497d36f683dc1ac56653cf48913a6e0991dfedf47d1d25481f,NNModelInformation_NbOfParameters-04cc21513a4c00497d36f683dc1ac56653cf48913a6e0991dfedf47d1d25481f,NNModelInformation_AchievedCompression-3443cbf4418b63934b46dcde250dd3eae938f5492b6dcc18a218c1b4dd756886,NNModelInformation_CompressionFactor-3443cbf4418b63934b46dcde250dd3eae938f5492b6dcc18a218c1b4dd756886,NNModelInformation_EvaluationStatus-3443cbf4418b63934b46dcde250dd3eae938f5492b6dcc18a218c1b4dd756886,NNModelInformation_HeapSizeNeeded-3443cbf4418b63934b46dcde250dd3eae938f5492b6dcc18a218c1b4dd756886,NNModelInformation_ModelInSizeByName-3443cbf4418b63934b46dcde250dd3eae938f5492b6dcc18a218c1b4dd756886,NNModelInformation_ModelMacc-3443cbf4418b63934b46dcde250dd3eae938f5492b6dcc18a218c1b4dd756886,NNModelInformation_ModelName-3443cbf4418b63934b46dcde250dd3eae938f5492b6dcc18a218c1b4dd756886,NNModelInformation_ModelOutSizeByName-3443cbf4418b63934b46dcde250dd3eae938f5492b6dcc18a218c1b4dd756886,NNModelInformation_ModelRam-3443cbf4418b63934b46dcde250dd3eae938f5492b6dcc18a218c1b4dd756886,NNModelInformation_ModelRom-3443cbf4418b63934b46dcde250dd3eae938f5492b6dcc18a218c1b4dd756886,NNModelInformation_ModelSize-3443cbf4418b63934b46dcde250dd3eae938f5492b6dcc18a218c1b4dd756886,NNModelInformation_NbOfParameters-3443cbf4418b63934b46dcde250dd3eae938f5492b6dcc18a218c1b4dd756886,NNModelInformation_AchievedCompression-261939b161dc44065420a540fc0259d41888dd78aaf868c311cdcd05cd2aaf2b,NNModelInformation_CompressionFactor-261939b161dc44065420a540fc0259d41888dd78aaf868c311cdcd05cd2aaf2b,NNModelInformation_EvaluationStatus-261939b161dc44065420a540fc0259d41888dd78aaf868c311cdcd05cd2aaf2b,NNModelInformation_HeapSizeNeeded-261939b161dc44065420a540fc0259d41888dd78aaf868c311cdcd05cd2aaf2b,NNModelInformation_ModelInSizeByName-261939b161dc44065420a540fc0259d41888dd78aaf868c311cdcd05cd2aaf2b,NNModelInformation_ModelMacc-261939b161dc44065420a540fc0259d41888dd78aaf868c311cdcd05cd2aaf2b,NNModelInformation_ModelName-261939b161dc44065420a540fc0259d41888dd78aaf868c311cdcd05cd2aaf2b,NNModelInformation_ModelOutSizeByName-261939b161dc44065420a540fc0259d41888dd78aaf868c311cdcd05cd2aaf2b,NNModelInformation_ModelRam-261939b161dc44065420a540fc0259d41888dd78aaf868c311cdcd05cd2aaf2b,NNModelInformation_ModelRom-261939b161dc44065420a540fc0259d41888dd78aaf868c311cdcd05cd2aaf2b,NNModelInformation_ModelSize-261939b161dc44065420a540fc0259d41888dd78aaf868c311cdcd05cd2aaf2b,NNModelInformation_NbOfParameters-261939b161dc44065420a540fc0259d41888dd78aaf868c311cdcd05cd2aaf2b,InternalRamActivationBufferMaxSize,ActivationBufferSizeList,MaximumNumberOfInputLayer,MaximumNumberOfOutputLayer,MaximumSizeOfInputLayer,MaximumSizeOfOutputLayer
STMicroelectronics.X-CUBE-AI.5.0.0.InternalRamActivationBufferMaxSize=AI_RELU_1_NONE_DATA_ACTIVATIONS_SIZE
STMicroelectronics.X-CUBE-AI.5.0.0.MaximumNumberOfInputLayer=1
STMicroelectronics.X-CUBE-AI.5.0.0.MaximumNumberOfOutputLayer=1
STMicroelectronics.X-CUBE-AI.5.0.0.MaximumSizeOfInputLayer=32
STMicroelectronics.X-CUBE-AI.5.0.0.MaximumSizeOfOutputLayer=16
STMicroelectronics.X-CUBE-AI.5.0.0.ModelActualCompression-04cc21513a4c00497d36f683dc1ac56653cf48913a6e0991dfedf47d1d25481f=0.0
STMicroelectronics.X-CUBE-AI.5.0.0.ModelActualCompression-261939b161dc44065420a540fc0259d41888dd78aaf868c311cdcd05cd2aaf2b=0.0
STMicroelectronics.X-CUBE-AI.5.0.0.ModelActualCompression-3443cbf4418b63934b46dcde250dd3eae938f5492b6dcc18a218c1b4dd756886=0.0
STMicroelectronics.X-CUBE-AI.5.0.0.ModelActualCompression-3af5c42c2206a57b421a3b5072419ecfab8425cb081f1568631f96a76b57f12d=0.0
STMicroelectronics.X-CUBE-AI.5.0.0.ModelFlashOccupation-04cc21513a4c00497d36f683dc1ac56653cf48913a6e0991dfedf47d1d25481f=21232
STMicroelectronics.X-CUBE-AI.5.0.0.ModelFlashOccupation-261939b161dc44065420a540fc0259d41888dd78aaf868c311cdcd05cd2aaf2b=3504
STMicroelectronics.X-CUBE-AI.5.0.0.ModelFlashOccupation-3443cbf4418b63934b46dcde250dd3eae938f5492b6dcc18a218c1b4dd756886=3504
STMicroelectronics.X-CUBE-AI.5.0.0.ModelFlashOccupation-3af5c42c2206a57b421a3b5072419ecfab8425cb081f1568631f96a76b57f12d=21232
STMicroelectronics.X-CUBE-AI.5.0.0.ModelHashList=3af5c42c2206a57b421a3b5072419ecfab8425cb081f1568631f96a76b57f12d;04cc21513a4c00497d36f683dc1ac56653cf48913a6e0991dfedf47d1d25481f;3443cbf4418b63934b46dcde250dd3eae938f5492b6dcc18a218c1b4dd756886;261939b161dc44065420a540fc0259d41888dd78aaf868c311cdcd05cd2aaf2b
STMicroelectronics.X-CUBE-AI.5.0.0.ModelMacc-04cc21513a4c00497d36f683dc1ac56653cf48913a6e0991dfedf47d1d25481f=6528
STMicroelectronics.X-CUBE-AI.5.0.0.ModelMacc-261939b161dc44065420a540fc0259d41888dd78aaf868c311cdcd05cd2aaf2b=6528
STMicroelectronics.X-CUBE-AI.5.0.0.ModelMacc-3443cbf4418b63934b46dcde250dd3eae938f5492b6dcc18a218c1b4dd756886=5304
STMicroelectronics.X-CUBE-AI.5.0.0.ModelMacc-3af5c42c2206a57b421a3b5072419ecfab8425cb081f1568631f96a76b57f12d=5304
STMicroelectronics.X-CUBE-AI.5.0.0.ModelName-04cc21513a4c00497d36f683dc1ac56653cf48913a6e0991dfedf47d1d25481f=tanh_1_none
STMicroelectronics.X-CUBE-AI.5.0.0.ModelName-261939b161dc44065420a540fc0259d41888dd78aaf868c311cdcd05cd2aaf2b=tanh_2_8
STMicroelectronics.X-CUBE-AI.5.0.0.ModelName-3443cbf4418b63934b46dcde250dd3eae938f5492b6dcc18a218c1b4dd756886=relu_2_8
STMicroelectronics.X-CUBE-AI.5.0.0.ModelName-3af5c42c2206a57b421a3b5072419ecfab8425cb081f1568631f96a76b57f12d=relu_1_none
STMicroelectronics.X-CUBE-AI.5.0.0.ModelNameList=relu_1_none,tanh_1_none,relu_2_8,tanh_2_8
STMicroelectronics.X-CUBE-AI.5.0.0.ModelRamOccupation-04cc21513a4c00497d36f683dc1ac56653cf48913a6e0991dfedf47d1d25481f=512
STMicroelectronics.X-CUBE-AI.5.0.0.ModelRamOccupation-261939b161dc44065420a540fc0259d41888dd78aaf868c311cdcd05cd2aaf2b=512
STMicroelectronics.X-CUBE-AI.5.0.0.ModelRamOccupation-3443cbf4418b63934b46dcde250dd3eae938f5492b6dcc18a218c1b4dd756886=512
STMicroelectronics.X-CUBE-AI.5.0.0.ModelRamOccupation-3af5c42c2206a57b421a3b5072419ecfab8425cb081f1568631f96a76b57f12d=512
STMicroelectronics.X-CUBE-AI.5.0.0.ModelStructureFile-04cc21513a4c00497d36f683dc1ac56653cf48913a6e0991dfedf47d1d25481f=/home/balder/PycharmProjects/embedded_ml/model/results/64_tanh.h5
STMicroelectronics.X-CUBE-AI.5.0.0.ModelStructureFile-261939b161dc44065420a540fc0259d41888dd78aaf868c311cdcd05cd2aaf2b=/home/balder/PycharmProjects/embedded_ml/model/results/64_tanh.h5
STMicroelectronics.X-CUBE-AI.5.0.0.ModelStructureFile-3443cbf4418b63934b46dcde250dd3eae938f5492b6dcc18a218c1b4dd756886=/home/balder/PycharmProjects/embedded_ml/model/results/64_relu.h5
STMicroelectronics.X-CUBE-AI.5.0.0.ModelStructureFile-3af5c42c2206a57b421a3b5072419ecfab8425cb081f1568631f96a76b57f12d=/home/balder/PycharmProjects/embedded_ml/model/results/64_relu.h5
STMicroelectronics.X-CUBE-AI.5.0.0.NNModelInformation_AchievedCompression-04cc21513a4c00497d36f683dc1ac56653cf48913a6e0991dfedf47d1d25481f=0.0
STMicroelectronics.X-CUBE-AI.5.0.0.NNModelInformation_AchievedCompression-261939b161dc44065420a540fc0259d41888dd78aaf868c311cdcd05cd2aaf2b=0.0
STMicroelectronics.X-CUBE-AI.5.0.0.NNModelInformation_AchievedCompression-3443cbf4418b63934b46dcde250dd3eae938f5492b6dcc18a218c1b4dd756886=0.0
STMicroelectronics.X-CUBE-AI.5.0.0.NNModelInformation_AchievedCompression-3af5c42c2206a57b421a3b5072419ecfab8425cb081f1568631f96a76b57f12d=0.0
STMicroelectronics.X-CUBE-AI.5.0.0.NNModelInformation_CompressionFactor-04cc21513a4c00497d36f683dc1ac56653cf48913a6e0991dfedf47d1d25481f=0.0
STMicroelectronics.X-CUBE-AI.5.0.0.NNModelInformation_CompressionFactor-261939b161dc44065420a540fc0259d41888dd78aaf868c311cdcd05cd2aaf2b=-0.8349660889223813
STMicroelectronics.X-CUBE-AI.5.0.0.NNModelInformation_CompressionFactor-3443cbf4418b63934b46dcde250dd3eae938f5492b6dcc18a218c1b4dd756886=-0.8349660889223813
STMicroelectronics.X-CUBE-AI.5.0.0.NNModelInformation_CompressionFactor-3af5c42c2206a57b421a3b5072419ecfab8425cb081f1568631f96a76b57f12d=0.0
STMicroelectronics.X-CUBE-AI.5.0.0.NNModelInformation_EvaluationStatus-04cc21513a4c00497d36f683dc1ac56653cf48913a6e0991dfedf47d1d25481f=NOT EVALUATED
STMicroelectronics.X-CUBE-AI.5.0.0.NNModelInformation_EvaluationStatus-261939b161dc44065420a540fc0259d41888dd78aaf868c311cdcd05cd2aaf2b=NOT EVALUATED
STMicroelectronics.X-CUBE-AI.5.0.0.NNModelInformation_EvaluationStatus-3443cbf4418b63934b46dcde250dd3eae938f5492b6dcc18a218c1b4dd756886=NOT EVALUATED
STMicroelectronics.X-CUBE-AI.5.0.0.NNModelInformation_EvaluationStatus-3af5c42c2206a57b421a3b5072419ecfab8425cb081f1568631f96a76b57f12d=NOT EVALUATED
STMicroelectronics.X-CUBE-AI.5.0.0.NNModelInformation_HeapSizeNeeded-04cc21513a4c00497d36f683dc1ac56653cf48913a6e0991dfedf47d1d25481f=2048
STMicroelectronics.X-CUBE-AI.5.0.0.NNModelInformation_HeapSizeNeeded-261939b161dc44065420a540fc0259d41888dd78aaf868c311cdcd05cd2aaf2b=2048
STMicroelectronics.X-CUBE-AI.5.0.0.NNModelInformation_HeapSizeNeeded-3443cbf4418b63934b46dcde250dd3eae938f5492b6dcc18a218c1b4dd756886=2048
STMicroelectronics.X-CUBE-AI.5.0.0.NNModelInformation_HeapSizeNeeded-3af5c42c2206a57b421a3b5072419ecfab8425cb081f1568631f96a76b57f12d=2048
STMicroelectronics.X-CUBE-AI.5.0.0.NNModelInformation_ModelInSizeByName-04cc21513a4c00497d36f683dc1ac56653cf48913a6e0991dfedf47d1d25481f={input_0\=32}
STMicroelectronics.X-CUBE-AI.5.0.0.NNModelInformation_ModelInSizeByName-261939b161dc44065420a540fc0259d41888dd78aaf868c311cdcd05cd2aaf2b={input_0\=32}
STMicroelectronics.X-CUBE-AI.5.0.0.NNModelInformation_ModelInSizeByName-3443cbf4418b63934b46dcde250dd3eae938f5492b6dcc18a218c1b4dd756886={input_0\=32}
STMicroelectronics.X-CUBE-AI.5.0.0.NNModelInformation_ModelInSizeByName-3af5c42c2206a57b421a3b5072419ecfab8425cb081f1568631f96a76b57f12d={input_0\=32}
STMicroelectronics.X-CUBE-AI.5.0.0.NNModelInformation_ModelMacc-04cc21513a4c00497d36f683dc1ac56653cf48913a6e0991dfedf47d1d25481f=6528
STMicroelectronics.X-CUBE-AI.5.0.0.NNModelInformation_ModelMacc-261939b161dc44065420a540fc0259d41888dd78aaf868c311cdcd05cd2aaf2b=6528
STMicroelectronics.X-CUBE-AI.5.0.0.NNModelInformation_ModelMacc-3443cbf4418b63934b46dcde250dd3eae938f5492b6dcc18a218c1b4dd756886=5304
STMicroelectronics.X-CUBE-AI.5.0.0.NNModelInformation_ModelMacc-3af5c42c2206a57b421a3b5072419ecfab8425cb081f1568631f96a76b57f12d=5304
STMicroelectronics.X-CUBE-AI.5.0.0.NNModelInformation_ModelName-04cc21513a4c00497d36f683dc1ac56653cf48913a6e0991dfedf47d1d25481f=tanh_1_none
STMicroelectronics.X-CUBE-AI.5.0.0.NNModelInformation_ModelName-261939b161dc44065420a540fc0259d41888dd78aaf868c311cdcd05cd2aaf2b=tanh_2_8
STMicroelectronics.X-CUBE-AI.5.0.0.NNModelInformation_ModelName-3443cbf4418b63934b46dcde250dd3eae938f5492b6dcc18a218c1b4dd756886=relu_2_8
STMicroelectronics.X-CUBE-AI.5.0.0.NNModelInformation_ModelName-3af5c42c2206a57b421a3b5072419ecfab8425cb081f1568631f96a76b57f12d=relu_1_none
STMicroelectronics.X-CUBE-AI.5.0.0.NNModelInformation_ModelOutSizeByName-04cc21513a4c00497d36f683dc1ac56653cf48913a6e0991dfedf47d1d25481f={dense_3\=16}
STMicroelectronics.X-CUBE-AI.5.0.0.NNModelInformation_ModelOutSizeByName-261939b161dc44065420a540fc0259d41888dd78aaf868c311cdcd05cd2aaf2b={dense_3\=16}
STMicroelectronics.X-CUBE-AI.5.0.0.NNModelInformation_ModelOutSizeByName-3443cbf4418b63934b46dcde250dd3eae938f5492b6dcc18a218c1b4dd756886={dense_3\=16}
STMicroelectronics.X-CUBE-AI.5.0.0.NNModelInformation_ModelOutSizeByName-3af5c42c2206a57b421a3b5072419ecfab8425cb081f1568631f96a76b57f12d={dense_3\=16}
STMicroelectronics.X-CUBE-AI.5.0.0.NNModelInformation_ModelRam-04cc21513a4c00497d36f683dc1ac56653cf48913a6e0991dfedf47d1d25481f=512
STMicroelectronics.X-CUBE-AI.5.0.0.NNModelInformation_ModelRam-261939b161dc44065420a540fc0259d41888dd78aaf868c311cdcd05cd2aaf2b=512
STMicroelectronics.X-CUBE-AI.5.0.0.NNModelInformation_ModelRam-3443cbf4418b63934b46dcde250dd3eae938f5492b6dcc18a218c1b4dd756886=512
STMicroelectronics.X-CUBE-AI.5.0.0.NNModelInformation_ModelRam-3af5c42c2206a57b421a3b5072419ecfab8425cb081f1568631f96a76b57f12d=512
STMicroelectronics.X-CUBE-AI.5.0.0.NNModelInformation_ModelRom-04cc21513a4c00497d36f683dc1ac56653cf48913a6e0991dfedf47d1d25481f=21232
STMicroelectronics.X-CUBE-AI.5.0.0.NNModelInformation_ModelRom-261939b161dc44065420a540fc0259d41888dd78aaf868c311cdcd05cd2aaf2b=3504
STMicroelectronics.X-CUBE-AI.5.0.0.NNModelInformation_ModelRom-3443cbf4418b63934b46dcde250dd3eae938f5492b6dcc18a218c1b4dd756886=3504
STMicroelectronics.X-CUBE-AI.5.0.0.NNModelInformation_ModelRom-3af5c42c2206a57b421a3b5072419ecfab8425cb081f1568631f96a76b57f12d=21232
STMicroelectronics.X-CUBE-AI.5.0.0.NNModelInformation_ModelSize-04cc21513a4c00497d36f683dc1ac56653cf48913a6e0991dfedf47d1d25481f=21232
STMicroelectronics.X-CUBE-AI.5.0.0.NNModelInformation_ModelSize-261939b161dc44065420a540fc0259d41888dd78aaf868c311cdcd05cd2aaf2b=21232
STMicroelectronics.X-CUBE-AI.5.0.0.NNModelInformation_ModelSize-3443cbf4418b63934b46dcde250dd3eae938f5492b6dcc18a218c1b4dd756886=21232
STMicroelectronics.X-CUBE-AI.5.0.0.NNModelInformation_ModelSize-3af5c42c2206a57b421a3b5072419ecfab8425cb081f1568631f96a76b57f12d=21232
STMicroelectronics.X-CUBE-AI.5.0.0.NNModelInformation_NbOfParameters-04cc21513a4c00497d36f683dc1ac56653cf48913a6e0991dfedf47d1d25481f=5308
STMicroelectronics.X-CUBE-AI.5.0.0.NNModelInformation_NbOfParameters-261939b161dc44065420a540fc0259d41888dd78aaf868c311cdcd05cd2aaf2b=5308
STMicroelectronics.X-CUBE-AI.5.0.0.NNModelInformation_NbOfParameters-3443cbf4418b63934b46dcde250dd3eae938f5492b6dcc18a218c1b4dd756886=5308
STMicroelectronics.X-CUBE-AI.5.0.0.NNModelInformation_NbOfParameters-3af5c42c2206a57b421a3b5072419ecfab8425cb081f1568631f96a76b57f12d=5308
STMicroelectronics.X-CUBE-AI.5.0.0.StackSize=0x800
STMicroelectronics.X-CUBE-AI.5.0.0.WorkingBufferStartAddrList=0xFFFFFFFF,0xFFFFFFFF,0xFFFFFFFF,0xFFFFFFFF
STMicroelectronics.X-CUBE-AI.5.0.0.XAaCUBEAaAICcArtificialOoIntelligenceJjCore=true
STMicroelectronics.X-CUBE-AI.5.0.00.BSP.STBoard=false
STMicroelectronics.X-CUBE-AI.5.0.00.BSP.api=Unknown
STMicroelectronics.X-CUBE-AI.5.0.00.BSP.component=
STMicroelectronics.X-CUBE-AI.5.0.00.BSP.condition=\!SEMArtificialOoIntelligenceJjApplicationJjApplicationTemplate
STMicroelectronics.X-CUBE-AI.5.0.00.BSP.i2caddr=0
STMicroelectronics.X-CUBE-AI.5.0.00.BSP.i2creg=
STMicroelectronics.X-CUBE-AI.5.0.00.BSP.instance=USART3
STMicroelectronics.X-CUBE-AI.5.0.00.BSP.ip=USART
STMicroelectronics.X-CUBE-AI.5.0.00.BSP.mode=Asynchronous
STMicroelectronics.X-CUBE-AI.5.0.00.BSP.name=COM Port
STMicroelectronics.X-CUBE-AI.5.0.00.BSP.semaphore=
STMicroelectronics.X-CUBE-AI.5.0.00.BSP.solution=USART3
STMicroelectronics.X-CUBE-AI.5.0.0_SwParameter=XAaCUBEAaAICcArtificialOoIntelligenceJjCore\:true;ApplicationCcArtificialOoIntelligenceJjApplication\:ApplicationTemplate;
USART3.IPParameters=VirtualMode-Asynchronous
USART3.VirtualMode-Asynchronous=VM_ASYNC
VP_CRC_VS_CRC.Mode=CRC_Activate
VP_CRC_VS_CRC.Signal=CRC_VS_CRC
VP_STMicroelectronics.X-CUBE-AI_VS_ArtificialOoIntelligenceJjApplication_5.0.0.Mode=ArtificialOoIntelligenceJjApplication
VP_STMicroelectronics.X-CUBE-AI_VS_ArtificialOoIntelligenceJjApplication_5.0.0.Signal=STMicroelectronics.X-CUBE-AI_VS_ArtificialOoIntelligenceJjApplication_5.0.0
VP_STMicroelectronics.X-CUBE-AI_VS_ArtificialOoIntelligenceJjXAaCUBEAaAI_5.0.0.Mode=ArtificialOoIntelligenceJjXAaCUBEAaAI
VP_STMicroelectronics.X-CUBE-AI_VS_ArtificialOoIntelligenceJjXAaCUBEAaAI_5.0.0.Signal=STMicroelectronics.X-CUBE-AI_VS_ArtificialOoIntelligenceJjXAaCUBEAaAI_5.0.0
VP_SYS_VS_Systick.Mode=SysTick
VP_SYS_VS_Systick.Signal=SYS_VS_Systick
board=NUCLEO-F767ZI
boardIOC=true
